
Microsoft Visual Studio Solution File, Format Version 12.00
# Visual Studio 15
VisualStudioVersion = 15.0.28010.2036
MinimumVisualStudioVersion = 10.0.40219.1
Project("{FAE04EC0-301F-11D3-BF4B-00C04F79EFBC}") = "hMANI a3v3", "hMANI a3v3.csproj", "{129B71DD-69BF-40DB-A968-6AD1ABBDF516}"
EndProject
Global
	GlobalSection(SolutionConfigurationPlatforms) = preSolution
		Debug|Any CPU = Debug|Any CPU
		Release|Any CPU = Release|Any CPU
	EndGlobalSection
	GlobalSection(ProjectConfigurationPlatforms) = postSolution
		{129B71DD-69BF-40DB-A968-6AD1ABBDF516}.Debug|Any CPU.ActiveCfg = Debug|Any CPU
		{129B71DD-69BF-40DB-A968-6AD1ABBDF516}.Debug|Any CPU.Build.0 = Debug|Any CPU
		{129B71DD-69BF-40DB-A968-6AD1ABBDF516}.Release|Any CPU.ActiveCfg = Release|Any CPU
		{129B71DD-69BF-40DB-A968-6AD1ABBDF516}.Release|Any CPU.Build.0 = Release|Any CPU
	EndGlobalSection
	GlobalSection(SolutionProperties) = preSolution
		HideSolutionNode = FALSE
	EndGlobalSection
	GlobalSection(ExtensibilityGlobals) = postSolution
		SolutionGuid = {0EC627E7-58FD-4CFF-8751-E12A9523DC0D}
	EndGlobalSection
EndGlobal
