
Microsoft Visual Studio Solution File, Format Version 12.00
# Visual Studio 15
VisualStudioVersion = 15.0.27428.2011
MinimumVisualStudioVersion = 10.0.40219.1
Project("{FAE04EC0-301F-11D3-BF4B-00C04F79EFBC}") = "hMani a3v5", "hMani a3v5.csproj", "{803D719E-215C-4595-9884-F9AF0804ABB3}"
EndProject
Global
	GlobalSection(SolutionConfigurationPlatforms) = preSolution
		Debug|Any CPU = Debug|Any CPU
		Release|Any CPU = Release|Any CPU
	EndGlobalSection
	GlobalSection(ProjectConfigurationPlatforms) = postSolution
		{803D719E-215C-4595-9884-F9AF0804ABB3}.Debug|Any CPU.ActiveCfg = Debug|Any CPU
		{803D719E-215C-4595-9884-F9AF0804ABB3}.Debug|Any CPU.Build.0 = Debug|Any CPU
		{803D719E-215C-4595-9884-F9AF0804ABB3}.Release|Any CPU.ActiveCfg = Release|Any CPU
		{803D719E-215C-4595-9884-F9AF0804ABB3}.Release|Any CPU.Build.0 = Release|Any CPU
	EndGlobalSection
	GlobalSection(SolutionProperties) = preSolution
		HideSolutionNode = FALSE
	EndGlobalSection
	GlobalSection(ExtensibilityGlobals) = postSolution
		SolutionGuid = {9F0F73D7-6C75-4A0A-A776-92C66E99431F}
	EndGlobalSection
EndGlobal
